{
  "name": "Royce-Template",
  "lockfileVersion": 2,
  "requires": true,
  "packages": {
    "": {
      "dependencies": {
        "@fortawesome/fontawesome-free": "^6.1.2",
        "bulma": "^0.9.4",
        "bulma-extensions": "^6.2.7",
        "tinymce": "^6.1.2"
      }
    },
    "node_modules/@fortawesome/fontawesome-free": {
      "version": "6.1.2",
      "resolved": "https://registry.npmjs.org/@fortawesome/fontawesome-free/-/fontawesome-free-6.1.2.tgz",
      "integrity": "sha512-XwWADtfdSN73/udaFm+1mnGIj/ShDZNFMe/PRoqv3FhQ4GNI2PUN70yFTPsjq65Lw2C9i4TG5/hTbxXIXVCiqQ==",
      "hasInstallScript": true,
      "engines": {
        "node": ">=6"
      }
    },
    "node_modules/bulma": {
      "version": "0.9.4",
      "resolved": "https://registry.npmjs.org/bulma/-/bulma-0.9.4.tgz",
      "integrity": "sha512-86FlT5+1GrsgKbPLRRY7cGDg8fsJiP/jzTqXXVqiUZZ2aZT8uemEOHlU1CDU+TxklPEZ11HZNNWclRBBecP4CQ=="
    },
    "node_modules/bulma-extensions": {
      "version": "6.2.7",
      "resolved": "https://registry.npmjs.org/bulma-extensions/-/bulma-extensions-6.2.7.tgz",
      "integrity": "sha512-y3dHsxlCYkuxUg87KKN9H4InM8NCk8tdnrlxLkYak8sd2WQdllg3wP2Nv41lj8X46uPXX2ADP0MO65LlXPHt/Q=="
    },
    "node_modules/tinymce": {
      "version": "6.1.2",
      "resolved": "https://registry.npmjs.org/tinymce/-/tinymce-6.1.2.tgz",
      "integrity": "sha512-tl4KbEKdPzyPTatJkblN2AqzRj9jaRGyATnwaSnsLFGKb4AI6B+4e0Gc8dUDXuqAjgSnHokhzamrQJLbSn4CmQ=="
    }
  },
  "dependencies": {
    "@fortawesome/fontawesome-free": {
      "version": "6.1.2",
      "resolved": "https://registry.npmjs.org/@fortawesome/fontawesome-free/-/fontawesome-free-6.1.2.tgz",
      "integrity": "sha512-XwWADtfdSN73/udaFm+1mnGIj/ShDZNFMe/PRoqv3FhQ4GNI2PUN70yFTPsjq65Lw2C9i4TG5/hTbxXIXVCiqQ=="
    },
    "bulma": {
      "version": "0.9.4",
      "resolved": "https://registry.npmjs.org/bulma/-/bulma-0.9.4.tgz",
      "integrity": "sha512-86FlT5+1GrsgKbPLRRY7cGDg8fsJiP/jzTqXXVqiUZZ2aZT8uemEOHlU1CDU+TxklPEZ11HZNNWclRBBecP4CQ=="
    },
    "bulma-extensions": {
      "version": "6.2.7",
      "resolved": "https://registry.npmjs.org/bulma-extensions/-/bulma-extensions-6.2.7.tgz",
      "integrity": "sha512-y3dHsxlCYkuxUg87KKN9H4InM8NCk8tdnrlxLkYak8sd2WQdllg3wP2Nv41lj8X46uPXX2ADP0MO65LlXPHt/Q=="
    },
    "tinymce": {
      "version": "6.1.2",
      "resolved": "https://registry.npmjs.org/tinymce/-/tinymce-6.1.2.tgz",
      "integrity": "sha512-tl4KbEKdPzyPTatJkblN2AqzRj9jaRGyATnwaSnsLFGKb4AI6B+4e0Gc8dUDXuqAjgSnHokhzamrQJLbSn4CmQ=="
    }
  }
}
